
Microsoft Visual Studio Solution File, Format Version 12.00
# Visual Studio Version 17
VisualStudioVersion = 17.2.32516.85
MinimumVisualStudioVersion = 10.0.40219.1
Project("{9A19103F-16F7-4668-BE54-9A1E7A4F7556}") = "JMProductCatalog.Domain", "JMProductCatalog.Domain\JMProductCatalog.Domain.csproj", "{B839CF89-7231-4F9E-960B-CF55AE734C21}"
EndProject
Project("{9A19103F-16F7-4668-BE54-9A1E7A4F7556}") = "JMProductCatalog.App", "JMProductCatalog.App\JMProductCatalog.App.csproj", "{F9EE89BC-E436-4E07-91A2-1DE20BE24ED2}"
EndProject
Project("{9A19103F-16F7-4668-BE54-9A1E7A4F7556}") = "JMProductCatalog.Infra.Data", "JMProductCatalog.Infra.Data\JMProductCatalog.Infra.Data.csproj", "{D8438662-E482-4589-AD4F-175097E77A71}"
EndProject
Project("{9A19103F-16F7-4668-BE54-9A1E7A4F7556}") = "JMProductCatalog.Infra.IoC", "JMProductCatalog.Infra.IoC\JMProductCatalog.Infra.IoC.csproj", "{54C04132-F5A5-4A83-939E-86FCA1D30972}"
EndProject
Project("{9A19103F-16F7-4668-BE54-9A1E7A4F7556}") = "JMProductCatalog.WebUI", "JMProductCatalog.WebUI\JMProductCatalog.WebUI.csproj", "{06A4A50A-24F8-4E4F-B1DF-B66C1286E0EF}"
EndProject
Project("{FAE04EC0-301F-11D3-BF4B-00C04F79EFBC}") = "JMProductCatalog.Domain.Test", "JMProductCatalog.Test\JMProductCatalog.Domain.Test\JMProductCatalog.Domain.Test.csproj", "{8D2E7CB1-2F0F-4A9A-A2D7-303F2D0EE9EA}"
EndProject
Global
	GlobalSection(SolutionConfigurationPlatforms) = preSolution
		Debug|Any CPU = Debug|Any CPU
		Release|Any CPU = Release|Any CPU
	EndGlobalSection
	GlobalSection(ProjectConfigurationPlatforms) = postSolution
		{B839CF89-7231-4F9E-960B-CF55AE734C21}.Debug|Any CPU.ActiveCfg = Debug|Any CPU
		{B839CF89-7231-4F9E-960B-CF55AE734C21}.Debug|Any CPU.Build.0 = Debug|Any CPU
		{B839CF89-7231-4F9E-960B-CF55AE734C21}.Release|Any CPU.ActiveCfg = Release|Any CPU
		{B839CF89-7231-4F9E-960B-CF55AE734C21}.Release|Any CPU.Build.0 = Release|Any CPU
		{F9EE89BC-E436-4E07-91A2-1DE20BE24ED2}.Debug|Any CPU.ActiveCfg = Debug|Any CPU
		{F9EE89BC-E436-4E07-91A2-1DE20BE24ED2}.Debug|Any CPU.Build.0 = Debug|Any CPU
		{F9EE89BC-E436-4E07-91A2-1DE20BE24ED2}.Release|Any CPU.ActiveCfg = Release|Any CPU
		{F9EE89BC-E436-4E07-91A2-1DE20BE24ED2}.Release|Any CPU.Build.0 = Release|Any CPU
		{D8438662-E482-4589-AD4F-175097E77A71}.Debug|Any CPU.ActiveCfg = Debug|Any CPU
		{D8438662-E482-4589-AD4F-175097E77A71}.Debug|Any CPU.Build.0 = Debug|Any CPU
		{D8438662-E482-4589-AD4F-175097E77A71}.Release|Any CPU.ActiveCfg = Release|Any CPU
		{D8438662-E482-4589-AD4F-175097E77A71}.Release|Any CPU.Build.0 = Release|Any CPU
		{54C04132-F5A5-4A83-939E-86FCA1D30972}.Debug|Any CPU.ActiveCfg = Debug|Any CPU
		{54C04132-F5A5-4A83-939E-86FCA1D30972}.Debug|Any CPU.Build.0 = Debug|Any CPU
		{54C04132-F5A5-4A83-939E-86FCA1D30972}.Release|Any CPU.ActiveCfg = Release|Any CPU
		{54C04132-F5A5-4A83-939E-86FCA1D30972}.Release|Any CPU.Build.0 = Release|Any CPU
		{06A4A50A-24F8-4E4F-B1DF-B66C1286E0EF}.Debug|Any CPU.ActiveCfg = Debug|Any CPU
		{06A4A50A-24F8-4E4F-B1DF-B66C1286E0EF}.Debug|Any CPU.Build.0 = Debug|Any CPU
		{06A4A50A-24F8-4E4F-B1DF-B66C1286E0EF}.Release|Any CPU.ActiveCfg = Release|Any CPU
		{06A4A50A-24F8-4E4F-B1DF-B66C1286E0EF}.Release|Any CPU.Build.0 = Release|Any CPU
		{8D2E7CB1-2F0F-4A9A-A2D7-303F2D0EE9EA}.Debug|Any CPU.ActiveCfg = Debug|Any CPU
		{8D2E7CB1-2F0F-4A9A-A2D7-303F2D0EE9EA}.Debug|Any CPU.Build.0 = Debug|Any CPU
		{8D2E7CB1-2F0F-4A9A-A2D7-303F2D0EE9EA}.Release|Any CPU.ActiveCfg = Release|Any CPU
		{8D2E7CB1-2F0F-4A9A-A2D7-303F2D0EE9EA}.Release|Any CPU.Build.0 = Release|Any CPU
	EndGlobalSection
	GlobalSection(SolutionProperties) = preSolution
		HideSolutionNode = FALSE
	EndGlobalSection
	GlobalSection(ExtensibilityGlobals) = postSolution
		SolutionGuid = {13A80DB2-2C9D-42B2-958F-FDDDDA721835}
	EndGlobalSection
EndGlobal
